
Microsoft Visual Studio Solution File, Format Version 12.00
# Visual Studio Version 17
VisualStudioVersion = 17.14.36408.4 d17.14
MinimumVisualStudioVersion = 10.0.40219.1
Project("{FAE04EC0-301F-11D3-BF4B-00C04F79EFBC}") = "Server", "Server.csproj", "{3DEC2049-061F-4CE3-8744-92AA8BD03788}"
EndProject
Project("{FAE04EC0-301F-11D3-BF4B-00C04F79EFBC}") = "Common", "..\Common\Common.csproj", "{29CBF341-4300-410A-AAB4-2E88F002EBEB}"
EndProject
Project("{FAE04EC0-301F-11D3-BF4B-00C04F79EFBC}") = "Client", "..\Client\Client.csproj", "{FBE26835-5584-414D-A914-30D63C4D1CC0}"
EndProject
Global
	GlobalSection(SolutionConfigurationPlatforms) = preSolution
		Debug|Any CPU = Debug|Any CPU
		Release|Any CPU = Release|Any CPU
	EndGlobalSection
	GlobalSection(ProjectConfigurationPlatforms) = postSolution
		{3DEC2049-061F-4CE3-8744-92AA8BD03788}.Debug|Any CPU.ActiveCfg = Debug|Any CPU
		{3DEC2049-061F-4CE3-8744-92AA8BD03788}.Debug|Any CPU.Build.0 = Debug|Any CPU
		{3DEC2049-061F-4CE3-8744-92AA8BD03788}.Release|Any CPU.ActiveCfg = Release|Any CPU
		{3DEC2049-061F-4CE3-8744-92AA8BD03788}.Release|Any CPU.Build.0 = Release|Any CPU
		{29CBF341-4300-410A-AAB4-2E88F002EBEB}.Debug|Any CPU.ActiveCfg = Debug|Any CPU
		{29CBF341-4300-410A-AAB4-2E88F002EBEB}.Debug|Any CPU.Build.0 = Debug|Any CPU
		{29CBF341-4300-410A-AAB4-2E88F002EBEB}.Release|Any CPU.ActiveCfg = Release|Any CPU
		{29CBF341-4300-410A-AAB4-2E88F002EBEB}.Release|Any CPU.Build.0 = Release|Any CPU
		{FBE26835-5584-414D-A914-30D63C4D1CC0}.Debug|Any CPU.ActiveCfg = Debug|Any CPU
		{FBE26835-5584-414D-A914-30D63C4D1CC0}.Debug|Any CPU.Build.0 = Debug|Any CPU
		{FBE26835-5584-414D-A914-30D63C4D1CC0}.Release|Any CPU.ActiveCfg = Release|Any CPU
		{FBE26835-5584-414D-A914-30D63C4D1CC0}.Release|Any CPU.Build.0 = Release|Any CPU
	EndGlobalSection
	GlobalSection(SolutionProperties) = preSolution
		HideSolutionNode = FALSE
	EndGlobalSection
	GlobalSection(ExtensibilityGlobals) = postSolution
		SolutionGuid = {F7F75D43-7AD1-413A-8C29-C828DBD42ADE}
	EndGlobalSection
EndGlobal
