
Microsoft Visual Studio Solution File, Format Version 12.00
# Visual Studio Version 17
VisualStudioVersion = 17.14.36408.4 d17.14
MinimumVisualStudioVersion = 10.0.40219.1
Project("{FAE04EC0-301F-11D3-BF4B-00C04F79EFBC}") = "Service", "Service.csproj", "{90DB144E-1826-4CD6-91A0-E624406EDA75}"
EndProject
Project("{FAE04EC0-301F-11D3-BF4B-00C04F79EFBC}") = "Common", "..\Common\Common.csproj", "{ED2C8E9C-E140-447F-9EB9-0EAD8BE48229}"
EndProject
Project("{FAE04EC0-301F-11D3-BF4B-00C04F79EFBC}") = "Client", "..\Client\Client.csproj", "{5F74595A-C380-443F-B7F6-0A83A58C34A0}"
EndProject
Global
	GlobalSection(SolutionConfigurationPlatforms) = preSolution
		Debug|Any CPU = Debug|Any CPU
		Release|Any CPU = Release|Any CPU
	EndGlobalSection
	GlobalSection(ProjectConfigurationPlatforms) = postSolution
		{90DB144E-1826-4CD6-91A0-E624406EDA75}.Debug|Any CPU.ActiveCfg = Debug|Any CPU
		{90DB144E-1826-4CD6-91A0-E624406EDA75}.Debug|Any CPU.Build.0 = Debug|Any CPU
		{90DB144E-1826-4CD6-91A0-E624406EDA75}.Release|Any CPU.ActiveCfg = Release|Any CPU
		{90DB144E-1826-4CD6-91A0-E624406EDA75}.Release|Any CPU.Build.0 = Release|Any CPU
		{ED2C8E9C-E140-447F-9EB9-0EAD8BE48229}.Debug|Any CPU.ActiveCfg = Debug|Any CPU
		{ED2C8E9C-E140-447F-9EB9-0EAD8BE48229}.Debug|Any CPU.Build.0 = Debug|Any CPU
		{ED2C8E9C-E140-447F-9EB9-0EAD8BE48229}.Release|Any CPU.ActiveCfg = Release|Any CPU
		{ED2C8E9C-E140-447F-9EB9-0EAD8BE48229}.Release|Any CPU.Build.0 = Release|Any CPU
		{5F74595A-C380-443F-B7F6-0A83A58C34A0}.Debug|Any CPU.ActiveCfg = Debug|Any CPU
		{5F74595A-C380-443F-B7F6-0A83A58C34A0}.Debug|Any CPU.Build.0 = Debug|Any CPU
		{5F74595A-C380-443F-B7F6-0A83A58C34A0}.Release|Any CPU.ActiveCfg = Release|Any CPU
		{5F74595A-C380-443F-B7F6-0A83A58C34A0}.Release|Any CPU.Build.0 = Release|Any CPU
	EndGlobalSection
	GlobalSection(SolutionProperties) = preSolution
		HideSolutionNode = FALSE
	EndGlobalSection
	GlobalSection(ExtensibilityGlobals) = postSolution
		SolutionGuid = {BA5E73E0-5911-4D76-AC43-31F0B94B0DEB}
	EndGlobalSection
EndGlobal
